
Microsoft Visual Studio Solution File, Format Version 12.00
# Visual Studio 15
VisualStudioVersion = 15.0.28307.645
MinimumVisualStudioVersion = 10.0.40219.1
Project("{FAE04EC0-301F-11D3-BF4B-00C04F79EFBC}") = "DemoAsserts", "DemoAsserts\DemoAsserts.csproj", "{4FF960B4-A6CA-4D46-99F2-313C75CF406D}"
EndProject
Project("{FAE04EC0-301F-11D3-BF4B-00C04F79EFBC}") = "DemoAsserts.Tests", "DemoAsserts.Tests\DemoAsserts.Tests.csproj", "{53D3C831-B69A-4E22-8E6A-EC240AFA9430}"
EndProject
Global
	GlobalSection(SolutionConfigurationPlatforms) = preSolution
		Debug|Any CPU = Debug|Any CPU
		Release|Any CPU = Release|Any CPU
	EndGlobalSection
	GlobalSection(ProjectConfigurationPlatforms) = postSolution
		{4FF960B4-A6CA-4D46-99F2-313C75CF406D}.Debug|Any CPU.ActiveCfg = Debug|Any CPU
		{4FF960B4-A6CA-4D46-99F2-313C75CF406D}.Debug|Any CPU.Build.0 = Debug|Any CPU
		{4FF960B4-A6CA-4D46-99F2-313C75CF406D}.Release|Any CPU.ActiveCfg = Release|Any CPU
		{4FF960B4-A6CA-4D46-99F2-313C75CF406D}.Release|Any CPU.Build.0 = Release|Any CPU
		{53D3C831-B69A-4E22-8E6A-EC240AFA9430}.Debug|Any CPU.ActiveCfg = Debug|Any CPU
		{53D3C831-B69A-4E22-8E6A-EC240AFA9430}.Debug|Any CPU.Build.0 = Debug|Any CPU
		{53D3C831-B69A-4E22-8E6A-EC240AFA9430}.Release|Any CPU.ActiveCfg = Release|Any CPU
		{53D3C831-B69A-4E22-8E6A-EC240AFA9430}.Release|Any CPU.Build.0 = Release|Any CPU
	EndGlobalSection
	GlobalSection(SolutionProperties) = preSolution
		HideSolutionNode = FALSE
	EndGlobalSection
	GlobalSection(ExtensibilityGlobals) = postSolution
		SolutionGuid = {A38342AE-8081-4883-ABA2-5CBC7ED272AA}
	EndGlobalSection
EndGlobal
